
Microsoft Visual Studio Solution File, Format Version 12.00
# Visual Studio Version 16
VisualStudioVersion = 16.0.30717.126
MinimumVisualStudioVersion = 10.0.40219.1
Project("{FAE04EC0-301F-11D3-BF4B-00C04F79EFBC}") = "Library WPF", "Library WPF\Library WPF.csproj", "{C18B9666-0547-48DA-A8C0-E969C83A31B5}"
EndProject
Global
	GlobalSection(SolutionConfigurationPlatforms) = preSolution
		Debug|Any CPU = Debug|Any CPU
		Release|Any CPU = Release|Any CPU
	EndGlobalSection
	GlobalSection(ProjectConfigurationPlatforms) = postSolution
		{C18B9666-0547-48DA-A8C0-E969C83A31B5}.Debug|Any CPU.ActiveCfg = Debug|Any CPU
		{C18B9666-0547-48DA-A8C0-E969C83A31B5}.Debug|Any CPU.Build.0 = Debug|Any CPU
		{C18B9666-0547-48DA-A8C0-E969C83A31B5}.Release|Any CPU.ActiveCfg = Release|Any CPU
		{C18B9666-0547-48DA-A8C0-E969C83A31B5}.Release|Any CPU.Build.0 = Release|Any CPU
	EndGlobalSection
	GlobalSection(SolutionProperties) = preSolution
		HideSolutionNode = FALSE
	EndGlobalSection
	GlobalSection(ExtensibilityGlobals) = postSolution
		SolutionGuid = {3D458B46-B5E8-4091-8453-B6448C55CA38}
	EndGlobalSection
EndGlobal
